
Microsoft Visual Studio Solution File, Format Version 12.00
# Visual Studio Version 17
VisualStudioVersion = 17.3.32811.315
MinimumVisualStudioVersion = 10.0.40219.1
Project("{FAE04EC0-301F-11D3-BF4B-00C04F79EFBC}") = "FriendFile", "FriendFile\FriendFile.csproj", "{1ECE8916-D57B-4497-A0BF-D08DEF231AE1}"
EndProject
Global
	GlobalSection(SolutionConfigurationPlatforms) = preSolution
		Debug|Any CPU = Debug|Any CPU
		Release|Any CPU = Release|Any CPU
	EndGlobalSection
	GlobalSection(ProjectConfigurationPlatforms) = postSolution
		{1ECE8916-D57B-4497-A0BF-D08DEF231AE1}.Debug|Any CPU.ActiveCfg = Debug|Any CPU
		{1ECE8916-D57B-4497-A0BF-D08DEF231AE1}.Debug|Any CPU.Build.0 = Debug|Any CPU
		{1ECE8916-D57B-4497-A0BF-D08DEF231AE1}.Release|Any CPU.ActiveCfg = Release|Any CPU
		{1ECE8916-D57B-4497-A0BF-D08DEF231AE1}.Release|Any CPU.Build.0 = Release|Any CPU
	EndGlobalSection
	GlobalSection(SolutionProperties) = preSolution
		HideSolutionNode = FALSE
	EndGlobalSection
	GlobalSection(ExtensibilityGlobals) = postSolution
		SolutionGuid = {CD08DC8B-29D9-451E-BF01-DDABFD612449}
	EndGlobalSection
EndGlobal
